# This file is autogenerated, do not edit; changes may be undone by the next 'dep ensure'.


[[projects]]
  name = "github.com/codegangsta/cli"
  packages = ["."]
  revision = "4733699ce30faa633c4db36ebfbe427963593d7d"

[solve-meta]
  analyzer-name = "dep"
  analyzer-version = 1
  inputs-digest = "4a0543203bbac7ffbe0d3597c80c9a41d355a78a57cad313c550dbdedfebb4f9"
  solver-name = "gps-cdcl"
  solver-version = 1
